
Microsoft Visual Studio Solution File, Format Version 12.00
# Visual Studio Version 17
VisualStudioVersion = 17.1.32228.430
MinimumVisualStudioVersion = 10.0.40219.1
Project("{54A90642-561A-4BB1-A94E-469ADEE60C69}") = "test_ghurtado_vue", "test_ghurtado_vue\test_ghurtado_vue.esproj", "{905E1AD4-A109-4E08-82EC-5C65CCD00927}"
EndProject
Project("{FAE04EC0-301F-11D3-BF4B-00C04F79EFBC}") = "back-end", "back-end\back-end.csproj", "{8C174C23-87DD-4A15-B7B6-431FF71F3D3A}"
EndProject
Global
	GlobalSection(SolutionConfigurationPlatforms) = preSolution
		Debug|Any CPU = Debug|Any CPU
		Release|Any CPU = Release|Any CPU
	EndGlobalSection
	GlobalSection(ProjectConfigurationPlatforms) = postSolution
		{905E1AD4-A109-4E08-82EC-5C65CCD00927}.Debug|Any CPU.ActiveCfg = Debug|Any CPU
		{905E1AD4-A109-4E08-82EC-5C65CCD00927}.Debug|Any CPU.Build.0 = Debug|Any CPU
		{905E1AD4-A109-4E08-82EC-5C65CCD00927}.Debug|Any CPU.Deploy.0 = Debug|Any CPU
		{905E1AD4-A109-4E08-82EC-5C65CCD00927}.Release|Any CPU.ActiveCfg = Release|Any CPU
		{905E1AD4-A109-4E08-82EC-5C65CCD00927}.Release|Any CPU.Build.0 = Release|Any CPU
		{905E1AD4-A109-4E08-82EC-5C65CCD00927}.Release|Any CPU.Deploy.0 = Release|Any CPU
		{8C174C23-87DD-4A15-B7B6-431FF71F3D3A}.Debug|Any CPU.ActiveCfg = Debug|Any CPU
		{8C174C23-87DD-4A15-B7B6-431FF71F3D3A}.Debug|Any CPU.Build.0 = Debug|Any CPU
		{8C174C23-87DD-4A15-B7B6-431FF71F3D3A}.Release|Any CPU.ActiveCfg = Release|Any CPU
		{8C174C23-87DD-4A15-B7B6-431FF71F3D3A}.Release|Any CPU.Build.0 = Release|Any CPU
	EndGlobalSection
	GlobalSection(SolutionProperties) = preSolution
		HideSolutionNode = FALSE
	EndGlobalSection
	GlobalSection(ExtensibilityGlobals) = postSolution
		SolutionGuid = {4E6E9782-92DE-439E-8FAC-5B3FAFF7C6B7}
	EndGlobalSection
EndGlobal
